{
    "_meta": {
        "hash": {
            "sha256": "1786d50733a19b361dff235b35f97a552ff1a3132bfd4768cc27059b66e1a74a"
        },
        "pipfile-spec": 6,
        "requires": {
            "python_version": "3.8"
        },
        "sources": [
            {
                "name": "pypi",
                "url": "https://pypi.org/simple",
                "verify_ssl": true
            }
        ]
    },
    "default": {
        "autopy": {
            "hashes": [
                "sha256:09b4ff0f66c6f238aa2fdb8149bc5fe92619cb29f0ef4c33886546d5ad05ee36",
                "sha256:1e1369b57b5dc1cc48fed3c121d14ea05a46ef14cbb7f9188e723b864acebbef",
                "sha256:2550e1140bef6143afe5f89004d6e3c2bb055d01178a1bd952b1c3bad20fd848",
                "sha256:281252a0a47b691f4996ecc0f42545c1b0ec23568a8c04abba4dec6f08d29892",
                "sha256:2996e8c31c59994844da50fc3813098c79c1e8b426c97c9ed09f60faeb80e925",
                "sha256:2ff259b644a8df27a2810625dfd7564eecfba8a79e0031036eac6a0491f0c014",
                "sha256:391e20225a3c46d053f03df07653a738609117ef9a0036eb62bd503074c49540",
                "sha256:41f246640b848e6db49f9a25ea285442c4a8c1742d3518413a71ab12920f94cf",
                "sha256:4584eefd5534e84b80cdce6517d94fc93ea7c1b7fe863a3ed5a74c8fc61b8eb6",
                "sha256:470cfaa6d01bd5e1ed489f199fb248dd7a2dc0c6b60dc1c6b3d07a37914678b7",
                "sha256:531477fe15779f6a46d05885f93ecdb3e21fa164c4b1eaf500b09c8c3828286e",
                "sha256:58dcce067072dd2e9b15cb56dc15ba838c30e93f235d1ba3bf5f679e0f31cb4a",
                "sha256:5a5bb85f475b9d7305771dfdf6e35f2e4abb5c2198f8bef9f8b14928946caf25",
                "sha256:5c27a6f5fc636002b4f50a6522fcfbf5f156d74e4e94907676cb55f601a2ec87",
                "sha256:5d0c82c68b0a89215037d43f8195d5b5ccce35bae534f637d3356f392585686a",
                "sha256:5db79c63a1a913cd6026b2c093a7948f47881ad82e57befbb508b8edb566594f",
                "sha256:5fa07181cbafaedf330179865f54996ea35b86d6fe299d0d5ebc145a08232a5c",
                "sha256:69312d6912381f06b62853fdd8f659902fa52a62e18513c46f8d0eae7c3f5bb2",
                "sha256:6af1b26005d2761481692d6c2d39dda2af1bff850c92612e2c550297f791a163",
                "sha256:6fd74465a033e7b450162a7e0e097fa8b88f1d086afe63dfd81ef6fa8e4bb9dd",
                "sha256:75ad7df585c37fa11f391dcd3565086455f924881fdaf80d8edccf05b9d72fa6",
                "sha256:7825aba7adb3264707499d4950d3bface9514248f4c2552abb73c7ab91f673a4",
                "sha256:7a66d3af3bd5a2869054c730b64664a2ae3d2890e8145b7b1022ebc3915b9368",
                "sha256:818acf78fc715acdd8e7dbd4ba58abe00ade8bb71bbc40d413fbd650ab195d0e",
                "sha256:87c99fb12a2d271f9304cffc2320de5148677b0bd1aeda5c54f7ec89f29ed0d1",
                "sha256:a01421e7891677e3bf5a59454bf5aba76e5a2ae1435a171e64169185f1447e44",
                "sha256:a4f39825a3a71048e3893a49c9902ba565ef76aaed8dfffc260db4e7071bdd9a",
                "sha256:b3cf1ebf7fa4f7b1594f2e707dda51a20ef93e0696c59ff160e73a632aa18055",
                "sha256:b889dc1245426aa06769d3d87df0d96904ca729d0e9441a0096aa3ae9fbae43f",
                "sha256:c29833f79bbcf14409c07af72a74f2dc1ea572cfcdb3545a7574c21ac922869f",
                "sha256:c739476056913e61415d5e2d2cff8e3e3aa9dd272bf091f7068d47cf18f3f00e",
                "sha256:dc8600dfe0fae831dff138ddf54c9afbc0dc482cc1f34f4278c56eb11fb5d76d",
                "sha256:e631d743f5e445362a8bbdbfd095230979d4da54ad1e77b275deeab602dd3e81",
                "sha256:ebef27afdb81c260146e9d42aa2952cf3cbd91389b88ff967685fba1dce24a14",
                "sha256:ed3106ed017fa6800c76d30a9c0cbc527559a616a62e83aa10e9f08365cd852a",
                "sha256:eed244e42d24ecf20f90c5672fb6d859b031de567bb178c0b3e3617acd5eed59",
                "sha256:f1dcf7405028ad37df0877a19fd69af9814725f919ce2af13ba1018f948cec79",
                "sha256:f7695c933a07f60f69826053a77288a6c3a3c392e72e77d3b411cc8b430a825a",
                "sha256:f87561f9047c70b87614370be0cc550a1c138fbaacd7d5eaf2eb092eee21018b"
            ],
            "index": "pypi",
            "version": "==4.0.0"
        },
        "keyboard": {
            "hashes": [
                "sha256:63ed83305955939ca5c9a73755e5cc43e8242263f5ad5fd3bb7e0b032f3d308b",
                "sha256:8e9c2422f1217e0bd84489b9ecd361027cc78415828f4fe4f88dd4acd587947b"
            ],
            "index": "pypi",
            "version": "==0.13.5"
        },
        "pypiwin32": {
            "hashes": [
                "sha256:67adf399debc1d5d14dffc1ab5acacb800da569754fafdc576b2a039485aa775",
                "sha256:71be40c1fbd28594214ecaecb58e7aa8b708eabfa0125c8a109ebd51edbd776a"
            ],
            "index": "pypi",
            "version": "==223"
        },
        "pywin32": {
            "hashes": [
                "sha256:300a2db938e98c3e7e2093e4491439e62287d0d493fe07cce110db070b54c0be",
                "sha256:31f88a89139cb2adc40f8f0e65ee56a8c585f629974f9e07622ba80199057511",
                "sha256:371fcc39416d736401f0274dd64c2302728c9e034808e37381b5e1b22be4a6b0",
                "sha256:47a3c7551376a865dd8d095a98deba954a98f326c6fe3c72d8726ca6e6b15507",
                "sha256:4cdad3e84191194ea6d0dd1b1b9bdda574ff563177d2adf2b4efec2a244fa116",
                "sha256:7c1ae32c489dc012930787f06244426f8356e129184a02c25aef163917ce158e",
                "sha256:7f18199fbf29ca99dff10e1f09451582ae9e372a892ff03a28528a24d55875bc",
                "sha256:9b31e009564fb95db160f154e2aa195ed66bcc4c058ed72850d047141b36f3a2",
                "sha256:a929a4af626e530383a579431b70e512e736e9588106715215bf685a3ea508d4",
                "sha256:c054c52ba46e7eb6b7d7dfae4dbd987a1bb48ee86debe3f245a2884ece46e295",
                "sha256:f27cec5e7f588c3d1051651830ecc00294f90728d19c3bf6916e6dba93ea357c",
                "sha256:f4c5be1a293bae0076d93c88f37ee8da68136744588bc5e2be2f299a34ceb7aa"
            ],
            "version": "==227"
        }
    },
    "develop": {}
}
